
Microsoft Visual Studio Solution File, Format Version 12.00
# Visual Studio Version 17
VisualStudioVersion = 17.8.34511.84
MinimumVisualStudioVersion = 10.0.40219.1
Project("{FAE04EC0-301F-11D3-BF4B-00C04F79EFBC}") = "AddForm", "AddForm\AddForm.csproj", "{F08098CC-E578-41FD-B0BF-1AC1F373B193}"
EndProject
Global
	GlobalSection(SolutionConfigurationPlatforms) = preSolution
		Debug|Any CPU = Debug|Any CPU
		Release|Any CPU = Release|Any CPU
	EndGlobalSection
	GlobalSection(ProjectConfigurationPlatforms) = postSolution
		{F08098CC-E578-41FD-B0BF-1AC1F373B193}.Debug|Any CPU.ActiveCfg = Debug|Any CPU
		{F08098CC-E578-41FD-B0BF-1AC1F373B193}.Debug|Any CPU.Build.0 = Debug|Any CPU
		{F08098CC-E578-41FD-B0BF-1AC1F373B193}.Release|Any CPU.ActiveCfg = Release|Any CPU
		{F08098CC-E578-41FD-B0BF-1AC1F373B193}.Release|Any CPU.Build.0 = Release|Any CPU
	EndGlobalSection
	GlobalSection(SolutionProperties) = preSolution
		HideSolutionNode = FALSE
	EndGlobalSection
	GlobalSection(ExtensibilityGlobals) = postSolution
		SolutionGuid = {A9C06E11-59DC-4F54-84D8-7B8B983C5F0C}
	EndGlobalSection
EndGlobal
