
Microsoft Visual Studio Solution File, Format Version 12.00
# Visual Studio Version 17
VisualStudioVersion = 17.8.34511.84
MinimumVisualStudioVersion = 10.0.40219.1
Project("{FAE04EC0-301F-11D3-BF4B-00C04F79EFBC}") = "AppendFile", "AppendFile\AppendFile.csproj", "{DDF800C6-CC1D-4ADD-A18B-FED30225D4E9}"
EndProject
Global
	GlobalSection(SolutionConfigurationPlatforms) = preSolution
		Debug|Any CPU = Debug|Any CPU
		Release|Any CPU = Release|Any CPU
	EndGlobalSection
	GlobalSection(ProjectConfigurationPlatforms) = postSolution
		{DDF800C6-CC1D-4ADD-A18B-FED30225D4E9}.Debug|Any CPU.ActiveCfg = Debug|Any CPU
		{DDF800C6-CC1D-4ADD-A18B-FED30225D4E9}.Debug|Any CPU.Build.0 = Debug|Any CPU
		{DDF800C6-CC1D-4ADD-A18B-FED30225D4E9}.Release|Any CPU.ActiveCfg = Release|Any CPU
		{DDF800C6-CC1D-4ADD-A18B-FED30225D4E9}.Release|Any CPU.Build.0 = Release|Any CPU
	EndGlobalSection
	GlobalSection(SolutionProperties) = preSolution
		HideSolutionNode = FALSE
	EndGlobalSection
	GlobalSection(ExtensibilityGlobals) = postSolution
		SolutionGuid = {E91E93E6-06A9-4E48-BBC3-BE4E95822E46}
	EndGlobalSection
EndGlobal
