
Microsoft Visual Studio Solution File, Format Version 12.00
# Visual Studio Version 17
VisualStudioVersion = 17.8.34511.84
MinimumVisualStudioVersion = 10.0.40219.1
Project("{FAE04EC0-301F-11D3-BF4B-00C04F79EFBC}") = "CustomValidator", "CustomValidator\CustomValidator.csproj", "{EF4B6E0C-2DD3-47C2-9166-A338313958F2}"
EndProject
Global
	GlobalSection(SolutionConfigurationPlatforms) = preSolution
		Debug|Any CPU = Debug|Any CPU
		Release|Any CPU = Release|Any CPU
	EndGlobalSection
	GlobalSection(ProjectConfigurationPlatforms) = postSolution
		{EF4B6E0C-2DD3-47C2-9166-A338313958F2}.Debug|Any CPU.ActiveCfg = Debug|Any CPU
		{EF4B6E0C-2DD3-47C2-9166-A338313958F2}.Debug|Any CPU.Build.0 = Debug|Any CPU
		{EF4B6E0C-2DD3-47C2-9166-A338313958F2}.Release|Any CPU.ActiveCfg = Release|Any CPU
		{EF4B6E0C-2DD3-47C2-9166-A338313958F2}.Release|Any CPU.Build.0 = Release|Any CPU
	EndGlobalSection
	GlobalSection(SolutionProperties) = preSolution
		HideSolutionNode = FALSE
	EndGlobalSection
	GlobalSection(ExtensibilityGlobals) = postSolution
		SolutionGuid = {A11D8F76-2DD7-4B75-89E0-5F0423A48589}
	EndGlobalSection
EndGlobal
